
Microsoft Visual Studio Solution File, Format Version 12.00
# Visual Studio Version 16
VisualStudioVersion = 16.0.30907.101
MinimumVisualStudioVersion = 10.0.40219.1
Project("{FAE04EC0-301F-11D3-BF4B-00C04F79EFBC}") = "Ezfx.Dui", "Ezfx.Dui.Core\Ezfx.Dui.csproj", "{48CC7FAD-ECEE-4EF6-89BE-4EA9410D055E}"
EndProject
Project("{FAE04EC0-301F-11D3-BF4B-00C04F79EFBC}") = "Example", "Example\Example.csproj", "{E0E80F30-4BBB-457D-8476-C5B100432B0D}"
EndProject
Global
	GlobalSection(SolutionConfigurationPlatforms) = preSolution
		Debug|Any CPU = Debug|Any CPU
		Release|Any CPU = Release|Any CPU
	EndGlobalSection
	GlobalSection(ProjectConfigurationPlatforms) = postSolution
		{48CC7FAD-ECEE-4EF6-89BE-4EA9410D055E}.Debug|Any CPU.ActiveCfg = Debug|Any CPU
		{48CC7FAD-ECEE-4EF6-89BE-4EA9410D055E}.Debug|Any CPU.Build.0 = Debug|Any CPU
		{48CC7FAD-ECEE-4EF6-89BE-4EA9410D055E}.Release|Any CPU.ActiveCfg = Release|Any CPU
		{48CC7FAD-ECEE-4EF6-89BE-4EA9410D055E}.Release|Any CPU.Build.0 = Release|Any CPU
		{E0E80F30-4BBB-457D-8476-C5B100432B0D}.Debug|Any CPU.ActiveCfg = Debug|Any CPU
		{E0E80F30-4BBB-457D-8476-C5B100432B0D}.Debug|Any CPU.Build.0 = Debug|Any CPU
		{E0E80F30-4BBB-457D-8476-C5B100432B0D}.Release|Any CPU.ActiveCfg = Release|Any CPU
		{E0E80F30-4BBB-457D-8476-C5B100432B0D}.Release|Any CPU.Build.0 = Release|Any CPU
	EndGlobalSection
	GlobalSection(SolutionProperties) = preSolution
		HideSolutionNode = FALSE
	EndGlobalSection
	GlobalSection(ExtensibilityGlobals) = postSolution
		SolutionGuid = {C7A8DA1A-1646-48E7-BA4C-F731C28D26F2}
	EndGlobalSection
EndGlobal
